
Microsoft Visual Studio Solution File, Format Version 12.00
# Visual Studio Version 17
VisualStudioVersion = 17.0.31717.71
MinimumVisualStudioVersion = 10.0.40219.1
Project("{9A19103F-16F7-4668-BE54-9A1E7A4F7556}") = "Primeiro", "Primeiro\Primeiro.csproj", "{7D595D78-1B63-41A8-9A32-B5819F91BD1A}"
EndProject
Project("{9A19103F-16F7-4668-BE54-9A1E7A4F7556}") = "SaidaDeDados", "SaidaDeDados\SaidaDeDados.csproj", "{678E8D8E-E83B-4D56-B8E7-E4A7C0658836}"
EndProject
Project("{9A19103F-16F7-4668-BE54-9A1E7A4F7556}") = "ex001", "ex001\ex001.csproj", "{CDB9CD1D-5F5A-4D8B-8B93-60AF124FAF17}"
EndProject
Project("{9A19103F-16F7-4668-BE54-9A1E7A4F7556}") = "OpArit", "OpArit\OpArit.csproj", "{0BC91985-3F4C-46A3-A3E4-42DD26023B97}"
EndProject
Project("{9A19103F-16F7-4668-BE54-9A1E7A4F7556}") = "Entrada DeDados", "Entrada DeDados\Entrada DeDados.csproj", "{C73286F4-1E48-47E9-A693-D9FDC620FF29}"
EndProject
Project("{9A19103F-16F7-4668-BE54-9A1E7A4F7556}") = "EntradaDeDados2", "EntradaDeDados2\EntradaDeDados2.csproj", "{FC37BAEF-ED14-4C74-A202-4E5165651781}"
EndProject
Project("{9A19103F-16F7-4668-BE54-9A1E7A4F7556}") = "ex002", "ex002\ex002.csproj", "{1C3025CD-1F03-4F18-A0CB-808E81838D71}"
EndProject
Project("{9A19103F-16F7-4668-BE54-9A1E7A4F7556}") = "OpComparativos", "OpComparativos\OpComparativos.csproj", "{DBDBB538-C1A6-4C2B-BFFB-46F38A8CD82C}"
EndProject
Project("{9A19103F-16F7-4668-BE54-9A1E7A4F7556}") = "OpLogicos", "OpLogicos\OpLogicos.csproj", "{710206E0-156B-4F93-9976-DDC92E046C02}"
EndProject
Project("{9A19103F-16F7-4668-BE54-9A1E7A4F7556}") = "ParOuImpar", "ParOuImpar\ParOuImpar.csproj", "{2261E078-2841-452B-88CF-13FEB041FA72}"
EndProject
Project("{9A19103F-16F7-4668-BE54-9A1E7A4F7556}") = "DiaTardeNoite", "DiaTardeNoite\DiaTardeNoite.csproj", "{0908771A-042C-46EC-AA7B-6CB216B2786D}"
EndProject
Project("{9A19103F-16F7-4668-BE54-9A1E7A4F7556}") = "MaiorDe3", "MaiorDe3\MaiorDe3.csproj", "{88641782-5DA7-4404-AC15-579973293725}"
EndProject
Project("{9A19103F-16F7-4668-BE54-9A1E7A4F7556}") = "While", "While\While.csproj", "{B1B0A973-C5F3-45FB-8109-E45EFBC5A042}"
EndProject
Project("{9A19103F-16F7-4668-BE54-9A1E7A4F7556}") = "For", "For\For.csproj", "{2E27FB98-F8B1-4620-A456-E954BB243498}"
EndProject
Project("{9A19103F-16F7-4668-BE54-9A1E7A4F7556}") = "AreaTriangulo", "AreaTriangulo\AreaTriangulo.csproj", "{515D91A4-7AD5-463F-AB9E-530148B1E08B}"
EndProject
Project("{9A19103F-16F7-4668-BE54-9A1E7A4F7556}") = "AreaTriangulo2", "AreaTriangulo2\AreaTriangulo2.csproj", "{DA979094-F0BF-45B2-9212-4A5FF15CC071}"
EndProject
Project("{9A19103F-16F7-4668-BE54-9A1E7A4F7556}") = "ex003", "ex003\ex003.csproj", "{E090F29A-A3E1-4AFB-AAD2-ABDC8F907CFA}"
EndProject
Project("{9A19103F-16F7-4668-BE54-9A1E7A4F7556}") = "AreaTriangulo3", "AreaTriangulo3\AreaTriangulo3.csproj", "{01A9E355-A23B-4B5C-9FEE-4FFE1E15D3C3}"
EndProject
Project("{9A19103F-16F7-4668-BE54-9A1E7A4F7556}") = "ex004", "ex004\ex004.csproj", "{3E702D60-92EA-4629-BCD0-0272774C2843}"
EndProject
Project("{9A19103F-16F7-4668-BE54-9A1E7A4F7556}") = "Circunferencia", "Circunferencia\Circunferencia.csproj", "{3717FDF7-2F48-482D-920B-E20DED97F3D8}"
EndProject
Project("{9A19103F-16F7-4668-BE54-9A1E7A4F7556}") = "Circunferencia2", "Circunferencia2\Circunferencia2.csproj", "{002CA2FC-8DB9-4FF6-BA1A-EB4B57C9D804}"
EndProject
Project("{9A19103F-16F7-4668-BE54-9A1E7A4F7556}") = "Construtores", "Construtores\Construtores.csproj", "{6516DBF1-807E-4554-B966-F7D382934DAA}"
EndProject
Project("{9A19103F-16F7-4668-BE54-9A1E7A4F7556}") = "Properties", "Properties\Properties.csproj", "{38A01E38-825E-4C80-AEEB-322B8C4B7949}"
EndProject
Project("{9A19103F-16F7-4668-BE54-9A1E7A4F7556}") = "ex005CaixaElet", "ex005CaixaElet\ex005CaixaElet.csproj", "{BC6E362E-B0C0-4BAD-912B-27DFDB5279FA}"
EndProject
Project("{9A19103F-16F7-4668-BE54-9A1E7A4F7556}") = "Nullable", "Nullable\Nullable.csproj", "{C28C808F-F49B-4708-A943-47E4CE58C593}"
EndProject
Project("{9A19103F-16F7-4668-BE54-9A1E7A4F7556}") = "Vetores1", "Vetores1\Vetores1.csproj", "{593F6A07-45F2-455F-86FE-D7578320D6F3}"
EndProject
Project("{9A19103F-16F7-4668-BE54-9A1E7A4F7556}") = "Vetores2", "Vetores2\Vetores2.csproj", "{19E6A8BB-8A45-432D-8637-C5C33EE98C9C}"
EndProject
Project("{9A19103F-16F7-4668-BE54-9A1E7A4F7556}") = "ex006", "ex006\ex006.csproj", "{F25B7F0B-8AA1-4B56-9F45-0B0C89DAFA0F}"
EndProject
Project("{9A19103F-16F7-4668-BE54-9A1E7A4F7556}") = "Params", "Params\Params.csproj", "{78DC36F7-839F-4A23-BF67-31101BC4A89E}"
EndProject
Project("{9A19103F-16F7-4668-BE54-9A1E7A4F7556}") = "Ref", "Ref\Ref.csproj", "{6A999A0E-8448-493A-9996-5ED81F2C59E5}"
EndProject
Project("{9A19103F-16F7-4668-BE54-9A1E7A4F7556}") = "Out", "Out\Out.csproj", "{25A11EDA-D628-4774-9D3F-C1E97B6335DC}"
EndProject
Project("{9A19103F-16F7-4668-BE54-9A1E7A4F7556}") = "Foreach", "Foreach\Foreach.csproj", "{7E0D0A95-AB21-42E1-931B-4165266F3CC6}"
EndProject
Project("{9A19103F-16F7-4668-BE54-9A1E7A4F7556}") = "List", "List\List.csproj", "{CA0FF96D-B92A-4851-B9E8-36F7EB511D11}"
EndProject
Project("{9A19103F-16F7-4668-BE54-9A1E7A4F7556}") = "ex007", "ex007\ex007.csproj", "{60057AB0-FCC3-46B9-B098-56C4A46B4B8E}"
EndProject
Project("{9A19103F-16F7-4668-BE54-9A1E7A4F7556}") = "ex008", "ex008\ex008.csproj", "{EAD044E3-5CD7-4DF8-9FEE-123947C3ADCF}"
EndProject
Project("{9A19103F-16F7-4668-BE54-9A1E7A4F7556}") = "ex009", "ex009\ex009.csproj", "{81B02C1B-EF3F-4610-9C70-223DB10AC0DF}"
EndProject
Project("{9A19103F-16F7-4668-BE54-9A1E7A4F7556}") = "o_treino", "o_treino\o_treino.csproj", "{B9CA2941-D446-4C39-8F0D-98253576DE88}"
EndProject
Project("{9A19103F-16F7-4668-BE54-9A1E7A4F7556}") = "Funcao", "Funcao\Funcao.csproj", "{AC3A300E-E22B-4BD4-8663-5439327F379D}"
EndProject
Project("{9A19103F-16F7-4668-BE54-9A1E7A4F7556}") = "Retangulo", "Retangulo\Retangulo.csproj", "{7DC1EC2F-B552-4CF4-BC85-8043E6B96AE3}"
EndProject
Project("{FAE04EC0-301F-11D3-BF4B-00C04F79EFBC}") = "AumentoSalario", "AumentoSalario\AumentoSalario.csproj", "{155C4105-A95D-4985-A112-474C3E9CB38D}"
EndProject
Project("{FAE04EC0-301F-11D3-BF4B-00C04F79EFBC}") = "NotaEscolar", "NotaEscolar\NotaEscolar.csproj", "{D2BC7152-448E-4E67-8949-F099B7370092}"
EndProject
Project("{FAE04EC0-301F-11D3-BF4B-00C04F79EFBC}") = "Conversor", "Conversor\Conversor.csproj", "{88FDB03F-0BC9-4A83-8B80-10FD5EB2545B}"
EndProject
Project("{FAE04EC0-301F-11D3-BF4B-00C04F79EFBC}") = "Ecapsulamento", "Ecapsulamento\Ecapsulamento.csproj", "{88876FE8-E989-4F72-BF74-951055342C36}"
EndProject
Project("{FAE04EC0-301F-11D3-BF4B-00C04F79EFBC}") = "Matriz", "Matriz\Matriz.csproj", "{B8EFB716-0653-4E4B-A749-ADC5701FC20D}"
EndProject
Project("{FAE04EC0-301F-11D3-BF4B-00C04F79EFBC}") = "Switch_Case", "Switch_Case\Switch_Case.csproj", "{FBA95E88-7547-42C3-8097-476F969FB254}"
EndProject
Project("{FAE04EC0-301F-11D3-BF4B-00C04F79EFBC}") = "CondicionalTernaria", "CondicionalTernaria\CondicionalTernaria.csproj", "{064DA0AD-C345-4D8B-986C-A545A8D93CA8}"
EndProject
Project("{FAE04EC0-301F-11D3-BF4B-00C04F79EFBC}") = "FunçõesInteressantesParaString", "FunçõesInteressantesParaString\FunçõesInteressantesParaString.csproj", "{8D8E549A-7B13-4DF9-A45A-1C6861777417}"
EndProject
Project("{FAE04EC0-301F-11D3-BF4B-00C04F79EFBC}") = "Date_Time", "Date_Time\Date_Time.csproj", "{3739B969-80CA-409E-9AA4-D313EF5C833A}"
EndProject
Project("{FAE04EC0-301F-11D3-BF4B-00C04F79EFBC}") = "PropOpTimeSpan", "PropOpTimeSpan\PropOpTimeSpan.csproj", "{F7F071B2-9F94-4198-9BB4-D85AEBB6D878}"
EndProject
Project("{FAE04EC0-301F-11D3-BF4B-00C04F79EFBC}") = "Time_Span", "Time_Span\Time_Span.csproj", "{9D9A3C8D-7778-42D3-BE5F-15F753C38182}"
EndProject
Project("{FAE04EC0-301F-11D3-BF4B-00C04F79EFBC}") = "PropOpDate_Time", "PropOpDate_Time\PropOpDate_Time.csproj", "{510B4F92-6A59-4659-AB7C-7A10DA10B531}"
EndProject
Project("{FAE04EC0-301F-11D3-BF4B-00C04F79EFBC}") = "Date_Time_Kind", "Date_Time_Kind\Date_Time_Kind.csproj", "{9B8E0446-8777-4CE6-BE8F-3FF976D11922}"
EndProject
Project("{FAE04EC0-301F-11D3-BF4B-00C04F79EFBC}") = "Padrao_ISO8601", "Padrao_ISO8601\Padrao_ISO8601.csproj", "{45FD53FA-26C7-4499-B8A8-E02EC3DFD1A2}"
EndProject
Global
	GlobalSection(SolutionConfigurationPlatforms) = preSolution
		Debug|Any CPU = Debug|Any CPU
		Release|Any CPU = Release|Any CPU
	EndGlobalSection
	GlobalSection(ProjectConfigurationPlatforms) = postSolution
		{7D595D78-1B63-41A8-9A32-B5819F91BD1A}.Debug|Any CPU.ActiveCfg = Debug|Any CPU
		{7D595D78-1B63-41A8-9A32-B5819F91BD1A}.Debug|Any CPU.Build.0 = Debug|Any CPU
		{7D595D78-1B63-41A8-9A32-B5819F91BD1A}.Release|Any CPU.ActiveCfg = Release|Any CPU
		{7D595D78-1B63-41A8-9A32-B5819F91BD1A}.Release|Any CPU.Build.0 = Release|Any CPU
		{678E8D8E-E83B-4D56-B8E7-E4A7C0658836}.Debug|Any CPU.ActiveCfg = Debug|Any CPU
		{678E8D8E-E83B-4D56-B8E7-E4A7C0658836}.Debug|Any CPU.Build.0 = Debug|Any CPU
		{678E8D8E-E83B-4D56-B8E7-E4A7C0658836}.Release|Any CPU.ActiveCfg = Release|Any CPU
		{678E8D8E-E83B-4D56-B8E7-E4A7C0658836}.Release|Any CPU.Build.0 = Release|Any CPU
		{CDB9CD1D-5F5A-4D8B-8B93-60AF124FAF17}.Debug|Any CPU.ActiveCfg = Debug|Any CPU
		{CDB9CD1D-5F5A-4D8B-8B93-60AF124FAF17}.Debug|Any CPU.Build.0 = Debug|Any CPU
		{CDB9CD1D-5F5A-4D8B-8B93-60AF124FAF17}.Release|Any CPU.ActiveCfg = Release|Any CPU
		{CDB9CD1D-5F5A-4D8B-8B93-60AF124FAF17}.Release|Any CPU.Build.0 = Release|Any CPU
		{0BC91985-3F4C-46A3-A3E4-42DD26023B97}.Debug|Any CPU.ActiveCfg = Debug|Any CPU
		{0BC91985-3F4C-46A3-A3E4-42DD26023B97}.Debug|Any CPU.Build.0 = Debug|Any CPU
		{0BC91985-3F4C-46A3-A3E4-42DD26023B97}.Release|Any CPU.ActiveCfg = Release|Any CPU
		{0BC91985-3F4C-46A3-A3E4-42DD26023B97}.Release|Any CPU.Build.0 = Release|Any CPU
		{C73286F4-1E48-47E9-A693-D9FDC620FF29}.Debug|Any CPU.ActiveCfg = Debug|Any CPU
		{C73286F4-1E48-47E9-A693-D9FDC620FF29}.Debug|Any CPU.Build.0 = Debug|Any CPU
		{C73286F4-1E48-47E9-A693-D9FDC620FF29}.Release|Any CPU.ActiveCfg = Release|Any CPU
		{C73286F4-1E48-47E9-A693-D9FDC620FF29}.Release|Any CPU.Build.0 = Release|Any CPU
		{FC37BAEF-ED14-4C74-A202-4E5165651781}.Debug|Any CPU.ActiveCfg = Debug|Any CPU
		{FC37BAEF-ED14-4C74-A202-4E5165651781}.Debug|Any CPU.Build.0 = Debug|Any CPU
		{FC37BAEF-ED14-4C74-A202-4E5165651781}.Release|Any CPU.ActiveCfg = Release|Any CPU
		{FC37BAEF-ED14-4C74-A202-4E5165651781}.Release|Any CPU.Build.0 = Release|Any CPU
		{1C3025CD-1F03-4F18-A0CB-808E81838D71}.Debug|Any CPU.ActiveCfg = Debug|Any CPU
		{1C3025CD-1F03-4F18-A0CB-808E81838D71}.Debug|Any CPU.Build.0 = Debug|Any CPU
		{1C3025CD-1F03-4F18-A0CB-808E81838D71}.Release|Any CPU.ActiveCfg = Release|Any CPU
		{1C3025CD-1F03-4F18-A0CB-808E81838D71}.Release|Any CPU.Build.0 = Release|Any CPU
		{DBDBB538-C1A6-4C2B-BFFB-46F38A8CD82C}.Debug|Any CPU.ActiveCfg = Debug|Any CPU
		{DBDBB538-C1A6-4C2B-BFFB-46F38A8CD82C}.Debug|Any CPU.Build.0 = Debug|Any CPU
		{DBDBB538-C1A6-4C2B-BFFB-46F38A8CD82C}.Release|Any CPU.ActiveCfg = Release|Any CPU
		{DBDBB538-C1A6-4C2B-BFFB-46F38A8CD82C}.Release|Any CPU.Build.0 = Release|Any CPU
		{710206E0-156B-4F93-9976-DDC92E046C02}.Debug|Any CPU.ActiveCfg = Debug|Any CPU
		{710206E0-156B-4F93-9976-DDC92E046C02}.Debug|Any CPU.Build.0 = Debug|Any CPU
		{710206E0-156B-4F93-9976-DDC92E046C02}.Release|Any CPU.ActiveCfg = Release|Any CPU
		{710206E0-156B-4F93-9976-DDC92E046C02}.Release|Any CPU.Build.0 = Release|Any CPU
		{2261E078-2841-452B-88CF-13FEB041FA72}.Debug|Any CPU.ActiveCfg = Debug|Any CPU
		{2261E078-2841-452B-88CF-13FEB041FA72}.Debug|Any CPU.Build.0 = Debug|Any CPU
		{2261E078-2841-452B-88CF-13FEB041FA72}.Release|Any CPU.ActiveCfg = Release|Any CPU
		{2261E078-2841-452B-88CF-13FEB041FA72}.Release|Any CPU.Build.0 = Release|Any CPU
		{0908771A-042C-46EC-AA7B-6CB216B2786D}.Debug|Any CPU.ActiveCfg = Debug|Any CPU
		{0908771A-042C-46EC-AA7B-6CB216B2786D}.Debug|Any CPU.Build.0 = Debug|Any CPU
		{0908771A-042C-46EC-AA7B-6CB216B2786D}.Release|Any CPU.ActiveCfg = Release|Any CPU
		{0908771A-042C-46EC-AA7B-6CB216B2786D}.Release|Any CPU.Build.0 = Release|Any CPU
		{88641782-5DA7-4404-AC15-579973293725}.Debug|Any CPU.ActiveCfg = Debug|Any CPU
		{88641782-5DA7-4404-AC15-579973293725}.Debug|Any CPU.Build.0 = Debug|Any CPU
		{88641782-5DA7-4404-AC15-579973293725}.Release|Any CPU.ActiveCfg = Release|Any CPU
		{88641782-5DA7-4404-AC15-579973293725}.Release|Any CPU.Build.0 = Release|Any CPU
		{B1B0A973-C5F3-45FB-8109-E45EFBC5A042}.Debug|Any CPU.ActiveCfg = Debug|Any CPU
		{B1B0A973-C5F3-45FB-8109-E45EFBC5A042}.Debug|Any CPU.Build.0 = Debug|Any CPU
		{B1B0A973-C5F3-45FB-8109-E45EFBC5A042}.Release|Any CPU.ActiveCfg = Release|Any CPU
		{B1B0A973-C5F3-45FB-8109-E45EFBC5A042}.Release|Any CPU.Build.0 = Release|Any CPU
		{2E27FB98-F8B1-4620-A456-E954BB243498}.Debug|Any CPU.ActiveCfg = Debug|Any CPU
		{2E27FB98-F8B1-4620-A456-E954BB243498}.Debug|Any CPU.Build.0 = Debug|Any CPU
		{2E27FB98-F8B1-4620-A456-E954BB243498}.Release|Any CPU.ActiveCfg = Release|Any CPU
		{2E27FB98-F8B1-4620-A456-E954BB243498}.Release|Any CPU.Build.0 = Release|Any CPU
		{515D91A4-7AD5-463F-AB9E-530148B1E08B}.Debug|Any CPU.ActiveCfg = Debug|Any CPU
		{515D91A4-7AD5-463F-AB9E-530148B1E08B}.Debug|Any CPU.Build.0 = Debug|Any CPU
		{515D91A4-7AD5-463F-AB9E-530148B1E08B}.Release|Any CPU.ActiveCfg = Release|Any CPU
		{515D91A4-7AD5-463F-AB9E-530148B1E08B}.Release|Any CPU.Build.0 = Release|Any CPU
		{DA979094-F0BF-45B2-9212-4A5FF15CC071}.Debug|Any CPU.ActiveCfg = Debug|Any CPU
		{DA979094-F0BF-45B2-9212-4A5FF15CC071}.Debug|Any CPU.Build.0 = Debug|Any CPU
		{DA979094-F0BF-45B2-9212-4A5FF15CC071}.Release|Any CPU.ActiveCfg = Release|Any CPU
		{DA979094-F0BF-45B2-9212-4A5FF15CC071}.Release|Any CPU.Build.0 = Release|Any CPU
		{E090F29A-A3E1-4AFB-AAD2-ABDC8F907CFA}.Debug|Any CPU.ActiveCfg = Debug|Any CPU
		{E090F29A-A3E1-4AFB-AAD2-ABDC8F907CFA}.Debug|Any CPU.Build.0 = Debug|Any CPU
		{E090F29A-A3E1-4AFB-AAD2-ABDC8F907CFA}.Release|Any CPU.ActiveCfg = Release|Any CPU
		{E090F29A-A3E1-4AFB-AAD2-ABDC8F907CFA}.Release|Any CPU.Build.0 = Release|Any CPU
		{01A9E355-A23B-4B5C-9FEE-4FFE1E15D3C3}.Debug|Any CPU.ActiveCfg = Debug|Any CPU
		{01A9E355-A23B-4B5C-9FEE-4FFE1E15D3C3}.Debug|Any CPU.Build.0 = Debug|Any CPU
		{01A9E355-A23B-4B5C-9FEE-4FFE1E15D3C3}.Release|Any CPU.ActiveCfg = Release|Any CPU
		{01A9E355-A23B-4B5C-9FEE-4FFE1E15D3C3}.Release|Any CPU.Build.0 = Release|Any CPU
		{3E702D60-92EA-4629-BCD0-0272774C2843}.Debug|Any CPU.ActiveCfg = Debug|Any CPU
		{3E702D60-92EA-4629-BCD0-0272774C2843}.Debug|Any CPU.Build.0 = Debug|Any CPU
		{3E702D60-92EA-4629-BCD0-0272774C2843}.Release|Any CPU.ActiveCfg = Release|Any CPU
		{3E702D60-92EA-4629-BCD0-0272774C2843}.Release|Any CPU.Build.0 = Release|Any CPU
		{3717FDF7-2F48-482D-920B-E20DED97F3D8}.Debug|Any CPU.ActiveCfg = Debug|Any CPU
		{3717FDF7-2F48-482D-920B-E20DED97F3D8}.Debug|Any CPU.Build.0 = Debug|Any CPU
		{3717FDF7-2F48-482D-920B-E20DED97F3D8}.Release|Any CPU.ActiveCfg = Release|Any CPU
		{3717FDF7-2F48-482D-920B-E20DED97F3D8}.Release|Any CPU.Build.0 = Release|Any CPU
		{002CA2FC-8DB9-4FF6-BA1A-EB4B57C9D804}.Debug|Any CPU.ActiveCfg = Debug|Any CPU
		{002CA2FC-8DB9-4FF6-BA1A-EB4B57C9D804}.Debug|Any CPU.Build.0 = Debug|Any CPU
		{002CA2FC-8DB9-4FF6-BA1A-EB4B57C9D804}.Release|Any CPU.ActiveCfg = Release|Any CPU
		{002CA2FC-8DB9-4FF6-BA1A-EB4B57C9D804}.Release|Any CPU.Build.0 = Release|Any CPU
		{6516DBF1-807E-4554-B966-F7D382934DAA}.Debug|Any CPU.ActiveCfg = Debug|Any CPU
		{6516DBF1-807E-4554-B966-F7D382934DAA}.Debug|Any CPU.Build.0 = Debug|Any CPU
		{6516DBF1-807E-4554-B966-F7D382934DAA}.Release|Any CPU.ActiveCfg = Release|Any CPU
		{6516DBF1-807E-4554-B966-F7D382934DAA}.Release|Any CPU.Build.0 = Release|Any CPU
		{38A01E38-825E-4C80-AEEB-322B8C4B7949}.Debug|Any CPU.ActiveCfg = Debug|Any CPU
		{38A01E38-825E-4C80-AEEB-322B8C4B7949}.Debug|Any CPU.Build.0 = Debug|Any CPU
		{38A01E38-825E-4C80-AEEB-322B8C4B7949}.Release|Any CPU.ActiveCfg = Release|Any CPU
		{38A01E38-825E-4C80-AEEB-322B8C4B7949}.Release|Any CPU.Build.0 = Release|Any CPU
		{BC6E362E-B0C0-4BAD-912B-27DFDB5279FA}.Debug|Any CPU.ActiveCfg = Debug|Any CPU
		{BC6E362E-B0C0-4BAD-912B-27DFDB5279FA}.Debug|Any CPU.Build.0 = Debug|Any CPU
		{BC6E362E-B0C0-4BAD-912B-27DFDB5279FA}.Release|Any CPU.ActiveCfg = Release|Any CPU
		{BC6E362E-B0C0-4BAD-912B-27DFDB5279FA}.Release|Any CPU.Build.0 = Release|Any CPU
		{C28C808F-F49B-4708-A943-47E4CE58C593}.Debug|Any CPU.ActiveCfg = Debug|Any CPU
		{C28C808F-F49B-4708-A943-47E4CE58C593}.Debug|Any CPU.Build.0 = Debug|Any CPU
		{C28C808F-F49B-4708-A943-47E4CE58C593}.Release|Any CPU.ActiveCfg = Release|Any CPU
		{C28C808F-F49B-4708-A943-47E4CE58C593}.Release|Any CPU.Build.0 = Release|Any CPU
		{593F6A07-45F2-455F-86FE-D7578320D6F3}.Debug|Any CPU.ActiveCfg = Debug|Any CPU
		{593F6A07-45F2-455F-86FE-D7578320D6F3}.Debug|Any CPU.Build.0 = Debug|Any CPU
		{593F6A07-45F2-455F-86FE-D7578320D6F3}.Release|Any CPU.ActiveCfg = Release|Any CPU
		{593F6A07-45F2-455F-86FE-D7578320D6F3}.Release|Any CPU.Build.0 = Release|Any CPU
		{19E6A8BB-8A45-432D-8637-C5C33EE98C9C}.Debug|Any CPU.ActiveCfg = Debug|Any CPU
		{19E6A8BB-8A45-432D-8637-C5C33EE98C9C}.Debug|Any CPU.Build.0 = Debug|Any CPU
		{19E6A8BB-8A45-432D-8637-C5C33EE98C9C}.Release|Any CPU.ActiveCfg = Release|Any CPU
		{19E6A8BB-8A45-432D-8637-C5C33EE98C9C}.Release|Any CPU.Build.0 = Release|Any CPU
		{F25B7F0B-8AA1-4B56-9F45-0B0C89DAFA0F}.Debug|Any CPU.ActiveCfg = Debug|Any CPU
		{F25B7F0B-8AA1-4B56-9F45-0B0C89DAFA0F}.Debug|Any CPU.Build.0 = Debug|Any CPU
		{F25B7F0B-8AA1-4B56-9F45-0B0C89DAFA0F}.Release|Any CPU.ActiveCfg = Release|Any CPU
		{F25B7F0B-8AA1-4B56-9F45-0B0C89DAFA0F}.Release|Any CPU.Build.0 = Release|Any CPU
		{78DC36F7-839F-4A23-BF67-31101BC4A89E}.Debug|Any CPU.ActiveCfg = Debug|Any CPU
		{78DC36F7-839F-4A23-BF67-31101BC4A89E}.Debug|Any CPU.Build.0 = Debug|Any CPU
		{78DC36F7-839F-4A23-BF67-31101BC4A89E}.Release|Any CPU.ActiveCfg = Release|Any CPU
		{78DC36F7-839F-4A23-BF67-31101BC4A89E}.Release|Any CPU.Build.0 = Release|Any CPU
		{6A999A0E-8448-493A-9996-5ED81F2C59E5}.Debug|Any CPU.ActiveCfg = Debug|Any CPU
		{6A999A0E-8448-493A-9996-5ED81F2C59E5}.Debug|Any CPU.Build.0 = Debug|Any CPU
		{6A999A0E-8448-493A-9996-5ED81F2C59E5}.Release|Any CPU.ActiveCfg = Release|Any CPU
		{6A999A0E-8448-493A-9996-5ED81F2C59E5}.Release|Any CPU.Build.0 = Release|Any CPU
		{25A11EDA-D628-4774-9D3F-C1E97B6335DC}.Debug|Any CPU.ActiveCfg = Debug|Any CPU
		{25A11EDA-D628-4774-9D3F-C1E97B6335DC}.Debug|Any CPU.Build.0 = Debug|Any CPU
		{25A11EDA-D628-4774-9D3F-C1E97B6335DC}.Release|Any CPU.ActiveCfg = Release|Any CPU
		{25A11EDA-D628-4774-9D3F-C1E97B6335DC}.Release|Any CPU.Build.0 = Release|Any CPU
		{7E0D0A95-AB21-42E1-931B-4165266F3CC6}.Debug|Any CPU.ActiveCfg = Debug|Any CPU
		{7E0D0A95-AB21-42E1-931B-4165266F3CC6}.Debug|Any CPU.Build.0 = Debug|Any CPU
		{7E0D0A95-AB21-42E1-931B-4165266F3CC6}.Release|Any CPU.ActiveCfg = Release|Any CPU
		{7E0D0A95-AB21-42E1-931B-4165266F3CC6}.Release|Any CPU.Build.0 = Release|Any CPU
		{CA0FF96D-B92A-4851-B9E8-36F7EB511D11}.Debug|Any CPU.ActiveCfg = Debug|Any CPU
		{CA0FF96D-B92A-4851-B9E8-36F7EB511D11}.Debug|Any CPU.Build.0 = Debug|Any CPU
		{CA0FF96D-B92A-4851-B9E8-36F7EB511D11}.Release|Any CPU.ActiveCfg = Release|Any CPU
		{CA0FF96D-B92A-4851-B9E8-36F7EB511D11}.Release|Any CPU.Build.0 = Release|Any CPU
		{60057AB0-FCC3-46B9-B098-56C4A46B4B8E}.Debug|Any CPU.ActiveCfg = Debug|Any CPU
		{60057AB0-FCC3-46B9-B098-56C4A46B4B8E}.Debug|Any CPU.Build.0 = Debug|Any CPU
		{60057AB0-FCC3-46B9-B098-56C4A46B4B8E}.Release|Any CPU.ActiveCfg = Release|Any CPU
		{60057AB0-FCC3-46B9-B098-56C4A46B4B8E}.Release|Any CPU.Build.0 = Release|Any CPU
		{EAD044E3-5CD7-4DF8-9FEE-123947C3ADCF}.Debug|Any CPU.ActiveCfg = Debug|Any CPU
		{EAD044E3-5CD7-4DF8-9FEE-123947C3ADCF}.Debug|Any CPU.Build.0 = Debug|Any CPU
		{EAD044E3-5CD7-4DF8-9FEE-123947C3ADCF}.Release|Any CPU.ActiveCfg = Release|Any CPU
		{EAD044E3-5CD7-4DF8-9FEE-123947C3ADCF}.Release|Any CPU.Build.0 = Release|Any CPU
		{81B02C1B-EF3F-4610-9C70-223DB10AC0DF}.Debug|Any CPU.ActiveCfg = Debug|Any CPU
		{81B02C1B-EF3F-4610-9C70-223DB10AC0DF}.Debug|Any CPU.Build.0 = Debug|Any CPU
		{81B02C1B-EF3F-4610-9C70-223DB10AC0DF}.Release|Any CPU.ActiveCfg = Release|Any CPU
		{81B02C1B-EF3F-4610-9C70-223DB10AC0DF}.Release|Any CPU.Build.0 = Release|Any CPU
		{B9CA2941-D446-4C39-8F0D-98253576DE88}.Debug|Any CPU.ActiveCfg = Debug|Any CPU
		{B9CA2941-D446-4C39-8F0D-98253576DE88}.Debug|Any CPU.Build.0 = Debug|Any CPU
		{B9CA2941-D446-4C39-8F0D-98253576DE88}.Release|Any CPU.ActiveCfg = Release|Any CPU
		{B9CA2941-D446-4C39-8F0D-98253576DE88}.Release|Any CPU.Build.0 = Release|Any CPU
		{AC3A300E-E22B-4BD4-8663-5439327F379D}.Debug|Any CPU.ActiveCfg = Debug|Any CPU
		{AC3A300E-E22B-4BD4-8663-5439327F379D}.Debug|Any CPU.Build.0 = Debug|Any CPU
		{AC3A300E-E22B-4BD4-8663-5439327F379D}.Release|Any CPU.ActiveCfg = Release|Any CPU
		{AC3A300E-E22B-4BD4-8663-5439327F379D}.Release|Any CPU.Build.0 = Release|Any CPU
		{7DC1EC2F-B552-4CF4-BC85-8043E6B96AE3}.Debug|Any CPU.ActiveCfg = Debug|Any CPU
		{7DC1EC2F-B552-4CF4-BC85-8043E6B96AE3}.Debug|Any CPU.Build.0 = Debug|Any CPU
		{7DC1EC2F-B552-4CF4-BC85-8043E6B96AE3}.Release|Any CPU.ActiveCfg = Release|Any CPU
		{7DC1EC2F-B552-4CF4-BC85-8043E6B96AE3}.Release|Any CPU.Build.0 = Release|Any CPU
		{155C4105-A95D-4985-A112-474C3E9CB38D}.Debug|Any CPU.ActiveCfg = Debug|Any CPU
		{155C4105-A95D-4985-A112-474C3E9CB38D}.Debug|Any CPU.Build.0 = Debug|Any CPU
		{155C4105-A95D-4985-A112-474C3E9CB38D}.Release|Any CPU.ActiveCfg = Release|Any CPU
		{155C4105-A95D-4985-A112-474C3E9CB38D}.Release|Any CPU.Build.0 = Release|Any CPU
		{D2BC7152-448E-4E67-8949-F099B7370092}.Debug|Any CPU.ActiveCfg = Debug|Any CPU
		{D2BC7152-448E-4E67-8949-F099B7370092}.Debug|Any CPU.Build.0 = Debug|Any CPU
		{D2BC7152-448E-4E67-8949-F099B7370092}.Release|Any CPU.ActiveCfg = Release|Any CPU
		{D2BC7152-448E-4E67-8949-F099B7370092}.Release|Any CPU.Build.0 = Release|Any CPU
		{88FDB03F-0BC9-4A83-8B80-10FD5EB2545B}.Debug|Any CPU.ActiveCfg = Debug|Any CPU
		{88FDB03F-0BC9-4A83-8B80-10FD5EB2545B}.Debug|Any CPU.Build.0 = Debug|Any CPU
		{88FDB03F-0BC9-4A83-8B80-10FD5EB2545B}.Release|Any CPU.ActiveCfg = Release|Any CPU
		{88FDB03F-0BC9-4A83-8B80-10FD5EB2545B}.Release|Any CPU.Build.0 = Release|Any CPU
		{88876FE8-E989-4F72-BF74-951055342C36}.Debug|Any CPU.ActiveCfg = Debug|Any CPU
		{88876FE8-E989-4F72-BF74-951055342C36}.Debug|Any CPU.Build.0 = Debug|Any CPU
		{88876FE8-E989-4F72-BF74-951055342C36}.Release|Any CPU.ActiveCfg = Release|Any CPU
		{88876FE8-E989-4F72-BF74-951055342C36}.Release|Any CPU.Build.0 = Release|Any CPU
		{B8EFB716-0653-4E4B-A749-ADC5701FC20D}.Debug|Any CPU.ActiveCfg = Debug|Any CPU
		{B8EFB716-0653-4E4B-A749-ADC5701FC20D}.Debug|Any CPU.Build.0 = Debug|Any CPU
		{B8EFB716-0653-4E4B-A749-ADC5701FC20D}.Release|Any CPU.ActiveCfg = Release|Any CPU
		{B8EFB716-0653-4E4B-A749-ADC5701FC20D}.Release|Any CPU.Build.0 = Release|Any CPU
		{FBA95E88-7547-42C3-8097-476F969FB254}.Debug|Any CPU.ActiveCfg = Debug|Any CPU
		{FBA95E88-7547-42C3-8097-476F969FB254}.Debug|Any CPU.Build.0 = Debug|Any CPU
		{FBA95E88-7547-42C3-8097-476F969FB254}.Release|Any CPU.ActiveCfg = Release|Any CPU
		{FBA95E88-7547-42C3-8097-476F969FB254}.Release|Any CPU.Build.0 = Release|Any CPU
		{064DA0AD-C345-4D8B-986C-A545A8D93CA8}.Debug|Any CPU.ActiveCfg = Debug|Any CPU
		{064DA0AD-C345-4D8B-986C-A545A8D93CA8}.Debug|Any CPU.Build.0 = Debug|Any CPU
		{064DA0AD-C345-4D8B-986C-A545A8D93CA8}.Release|Any CPU.ActiveCfg = Release|Any CPU
		{064DA0AD-C345-4D8B-986C-A545A8D93CA8}.Release|Any CPU.Build.0 = Release|Any CPU
		{8D8E549A-7B13-4DF9-A45A-1C6861777417}.Debug|Any CPU.ActiveCfg = Debug|Any CPU
		{8D8E549A-7B13-4DF9-A45A-1C6861777417}.Debug|Any CPU.Build.0 = Debug|Any CPU
		{8D8E549A-7B13-4DF9-A45A-1C6861777417}.Release|Any CPU.ActiveCfg = Release|Any CPU
		{8D8E549A-7B13-4DF9-A45A-1C6861777417}.Release|Any CPU.Build.0 = Release|Any CPU
		{3739B969-80CA-409E-9AA4-D313EF5C833A}.Debug|Any CPU.ActiveCfg = Debug|Any CPU
		{3739B969-80CA-409E-9AA4-D313EF5C833A}.Debug|Any CPU.Build.0 = Debug|Any CPU
		{3739B969-80CA-409E-9AA4-D313EF5C833A}.Release|Any CPU.ActiveCfg = Release|Any CPU
		{3739B969-80CA-409E-9AA4-D313EF5C833A}.Release|Any CPU.Build.0 = Release|Any CPU
		{F7F071B2-9F94-4198-9BB4-D85AEBB6D878}.Debug|Any CPU.ActiveCfg = Debug|Any CPU
		{F7F071B2-9F94-4198-9BB4-D85AEBB6D878}.Debug|Any CPU.Build.0 = Debug|Any CPU
		{F7F071B2-9F94-4198-9BB4-D85AEBB6D878}.Release|Any CPU.ActiveCfg = Release|Any CPU
		{F7F071B2-9F94-4198-9BB4-D85AEBB6D878}.Release|Any CPU.Build.0 = Release|Any CPU
		{9D9A3C8D-7778-42D3-BE5F-15F753C38182}.Debug|Any CPU.ActiveCfg = Debug|Any CPU
		{9D9A3C8D-7778-42D3-BE5F-15F753C38182}.Debug|Any CPU.Build.0 = Debug|Any CPU
		{9D9A3C8D-7778-42D3-BE5F-15F753C38182}.Release|Any CPU.ActiveCfg = Release|Any CPU
		{9D9A3C8D-7778-42D3-BE5F-15F753C38182}.Release|Any CPU.Build.0 = Release|Any CPU
		{510B4F92-6A59-4659-AB7C-7A10DA10B531}.Debug|Any CPU.ActiveCfg = Debug|Any CPU
		{510B4F92-6A59-4659-AB7C-7A10DA10B531}.Debug|Any CPU.Build.0 = Debug|Any CPU
		{510B4F92-6A59-4659-AB7C-7A10DA10B531}.Release|Any CPU.ActiveCfg = Release|Any CPU
		{510B4F92-6A59-4659-AB7C-7A10DA10B531}.Release|Any CPU.Build.0 = Release|Any CPU
		{9B8E0446-8777-4CE6-BE8F-3FF976D11922}.Debug|Any CPU.ActiveCfg = Debug|Any CPU
		{9B8E0446-8777-4CE6-BE8F-3FF976D11922}.Debug|Any CPU.Build.0 = Debug|Any CPU
		{9B8E0446-8777-4CE6-BE8F-3FF976D11922}.Release|Any CPU.ActiveCfg = Release|Any CPU
		{9B8E0446-8777-4CE6-BE8F-3FF976D11922}.Release|Any CPU.Build.0 = Release|Any CPU
		{45FD53FA-26C7-4499-B8A8-E02EC3DFD1A2}.Debug|Any CPU.ActiveCfg = Debug|Any CPU
		{45FD53FA-26C7-4499-B8A8-E02EC3DFD1A2}.Debug|Any CPU.Build.0 = Debug|Any CPU
		{45FD53FA-26C7-4499-B8A8-E02EC3DFD1A2}.Release|Any CPU.ActiveCfg = Release|Any CPU
		{45FD53FA-26C7-4499-B8A8-E02EC3DFD1A2}.Release|Any CPU.Build.0 = Release|Any CPU
	EndGlobalSection
	GlobalSection(SolutionProperties) = preSolution
		HideSolutionNode = FALSE
	EndGlobalSection
	GlobalSection(ExtensibilityGlobals) = postSolution
		SolutionGuid = {87C74D43-2F71-4199-9D4A-12D59EDFE053}
	EndGlobalSection
EndGlobal
